<?xml version="1.0" encoding="utf-8"?>
<Project ToolsVersion="4.0" xmlns="http://schemas.microsoft.com/developer/msbuild/2003">
  <ItemGroup>
    <Filter Include="Network">
      <UniqueIdentifier>{e329899d-0c33-4ce8-a46b-a4c7adc08fa6}</UniqueIdentifier>
    </Filter>
    <Filter Include="Utils">
      <UniqueIdentifier>{13067f63-e2fa-4513-95d5-5ed631cd52c6}</UniqueIdentifier>
    </Filter>
    <Filter Include="Main">
      <UniqueIdentifier>{f7cf0a8c-100f-439f-a6c4-ec276ddc0031}</UniqueIdentifier>
    </Filter>
    <Filter Include="Thread">
      <UniqueIdentifier>{7acc6812-8fc4-43c4-bd30-3dc277f3d725}</UniqueIdentifier>
    </Filter>
    <Filter Include="Memory">
      <UniqueIdentifier>{8e1cbf18-dcc6-41e3-b518-8918801c8b73}</UniqueIdentifier>
    </Filter>
    <Filter Include="Memory\Object">
      <UniqueIdentifier>{7227ceb5-239d-4deb-9251-f5bc7ea403be}</UniqueIdentifier>
    </Filter>
    <Filter Include="Network\Session">
      <UniqueIdentifier>{01c083a8-2d89-42b6-8d92-c0b02ceba16d}</UniqueIdentifier>
    </Filter>
    <Filter Include="Utils\Log">
      <UniqueIdentifier>{ac851980-499c-41d3-99ee-9ef0becf61d5}</UniqueIdentifier>
    </Filter>
    <Filter Include="Utils\Enum">
      <UniqueIdentifier>{ae3b3901-8ca0-4665-939e-82e44292d9f4}</UniqueIdentifier>
    </Filter>
    <Filter Include="Network\Buffer">
      <UniqueIdentifier>{a080f852-88b8-4c82-8191-83bccc82de26}</UniqueIdentifier>
    </Filter>
    <Filter Include="Network\Timer">
      <UniqueIdentifier>{f3096575-000f-4220-a802-fd322ae53fd0}</UniqueIdentifier>
    </Filter>
    <Filter Include="Main\pch">
      <UniqueIdentifier>{30d45090-32e9-484a-85c9-646d201e5150}</UniqueIdentifier>
    </Filter>
    <Filter Include="Main\ThreadLocal">
      <UniqueIdentifier>{2509ea92-313b-4836-ae0c-3bac1b37c74b}</UniqueIdentifier>
    </Filter>
    <Filter Include="Network\Packet">
      <UniqueIdentifier>{4a892ceb-7a30-4777-af1e-c10bd37c4205}</UniqueIdentifier>
    </Filter>
  </ItemGroup>
  <ItemGroup>
    <ClInclude Include="Types.h">
      <Filter>Main</Filter>
    </ClInclude>
    <ClInclude Include="CoreMacro.h">
      <Filter>Main</Filter>
    </ClInclude>
    <ClInclude Include="CoreGlobal.h">
      <Filter>Main</Filter>
    </ClInclude>
    <ClInclude Include="ThreadManager.h">
      <Filter>Thread</Filter>
    </ClInclude>
    <ClInclude Include="Lock.h">
      <Filter>Thread</Filter>
    </ClInclude>
    <ClInclude Include="DeadLockProfiler.h">
      <Filter>Thread</Filter>
    </ClInclude>
    <ClInclude Include="RefCounter.h">
      <Filter>Memory</Filter>
    </ClInclude>
    <ClInclude Include="Allocator.h">
      <Filter>Memory</Filter>
    </ClInclude>
    <ClInclude Include="MemoryManager.h">
      <Filter>Memory</Filter>
    </ClInclude>
    <ClInclude Include="Container.h">
      <Filter>Memory</Filter>
    </ClInclude>
    <ClInclude Include="MemoryPool.h">
      <Filter>Memory</Filter>
    </ClInclude>
    <ClInclude Include="ObjectPool.h">
      <Filter>Memory\Object</Filter>
    </ClInclude>
    <ClInclude Include="TypeCast.h">
      <Filter>Utils</Filter>
    </ClInclude>
    <ClInclude Include="SocketUtils.h">
      <Filter>Network</Filter>
    </ClInclude>
    <ClInclude Include="NetworkCore.h">
      <Filter>Network</Filter>
    </ClInclude>
    <ClInclude Include="Session.h">
      <Filter>Network\Session</Filter>
    </ClInclude>
    <ClInclude Include="Service.h">
      <Filter>Network</Filter>
    </ClInclude>
    <ClInclude Include="NetAddress.h">
      <Filter>Network</Filter>
    </ClInclude>
    <ClInclude Include="Acceptor.h">
      <Filter>Network</Filter>
    </ClInclude>
    <ClInclude Include="Singleton.h">
      <Filter>Utils</Filter>
    </ClInclude>
    <ClInclude Include="Logger.h">
      <Filter>Utils\Log</Filter>
    </ClInclude>
    <ClInclude Include="ErrorCode.h">
      <Filter>Utils\Enum</Filter>
    </ClInclude>
    <ClInclude Include="RecvBuffer.h">
      <Filter>Network\Buffer</Filter>
    </ClInclude>
    <ClInclude Include="SendBuffer.h">
      <Filter>Network\Buffer</Filter>
    </ClInclude>
    <ClInclude Include="Timer.h">
      <Filter>Network\Timer</Filter>
    </ClInclude>
    <ClInclude Include="CorePch.h">
      <Filter>Main\pch</Filter>
    </ClInclude>
    <ClInclude Include="pch.h">
      <Filter>Main\pch</Filter>
    </ClInclude>
    <ClInclude Include="CoreTLS.h">
      <Filter>Main\ThreadLocal</Filter>
    </ClInclude>
    <ClInclude Include="packet.h">
      <Filter>Network\Packet</Filter>
    </ClInclude>
  </ItemGroup>
  <ItemGroup>
    <ClCompile Include="CoreGlobal.cpp">
      <Filter>Main</Filter>
    </ClCompile>
    <ClCompile Include="ThreadManager.cpp">
      <Filter>Thread</Filter>
    </ClCompile>
    <ClCompile Include="Lock.cpp">
      <Filter>Thread</Filter>
    </ClCompile>
    <ClCompile Include="DeadLockProfiler.cpp">
      <Filter>Thread</Filter>
    </ClCompile>
    <ClCompile Include="RefCounter.cpp">
      <Filter>Memory</Filter>
    </ClCompile>
    <ClCompile Include="Allocator.cpp">
      <Filter>Memory</Filter>
    </ClCompile>
    <ClCompile Include="MemoryManager.cpp">
      <Filter>Memory</Filter>
    </ClCompile>
    <ClCompile Include="MemoryPool.cpp">
      <Filter>Memory</Filter>
    </ClCompile>
    <ClCompile Include="ObjectPool.cpp">
      <Filter>Memory\Object</Filter>
    </ClCompile>
    <ClCompile Include="SocketUtils.cpp">
      <Filter>Network</Filter>
    </ClCompile>
    <ClCompile Include="NetworkCore.cpp">
      <Filter>Network</Filter>
    </ClCompile>
    <ClCompile Include="Session.cpp">
      <Filter>Network\Session</Filter>
    </ClCompile>
    <ClCompile Include="Service.cpp">
      <Filter>Network</Filter>
    </ClCompile>
    <ClCompile Include="NetAddress.cpp">
      <Filter>Network</Filter>
    </ClCompile>
    <ClCompile Include="Acceptor.cpp">
      <Filter>Network</Filter>
    </ClCompile>
    <ClCompile Include="Logger.cpp">
      <Filter>Utils\Log</Filter>
    </ClCompile>
    <ClCompile Include="RecvBuffer.cpp">
      <Filter>Network\Buffer</Filter>
    </ClCompile>
    <ClCompile Include="SendBuffer.cpp">
      <Filter>Network\Buffer</Filter>
    </ClCompile>
    <ClCompile Include="Timer.cpp">
      <Filter>Network\Timer</Filter>
    </ClCompile>
    <ClCompile Include="CorePch.cpp">
      <Filter>Main\pch</Filter>
    </ClCompile>
    <ClCompile Include="pch.cpp">
      <Filter>Main\pch</Filter>
    </ClCompile>
    <ClCompile Include="CoreTLS.cpp">
      <Filter>Main\ThreadLocal</Filter>
    </ClCompile>
  </ItemGroup>
  <ItemGroup>
    <None Include="packages.config" />
  </ItemGroup>
</Project>